
Microsoft Visual Studio Solution File, Format Version 12.00
# Visual Studio Version 17
VisualStudioVersion = 17.11.35303.130
MinimumVisualStudioVersion = 10.0.40219.1
Project("{FAE04EC0-301F-11D3-BF4B-00C04F79EFBC}") = "StudentSystem", "StudentSystem\StudentSystem.csproj", "{AD53A87D-02A9-4694-B638-0846C1E200A7}"
EndProject
Global
	GlobalSection(SolutionConfigurationPlatforms) = preSolution
		Debug|Any CPU = Debug|Any CPU
		Release|Any CPU = Release|Any CPU
	EndGlobalSection
	GlobalSection(ProjectConfigurationPlatforms) = postSolution
		{AD53A87D-02A9-4694-B638-0846C1E200A7}.Debug|Any CPU.ActiveCfg = Debug|Any CPU
		{AD53A87D-02A9-4694-B638-0846C1E200A7}.Debug|Any CPU.Build.0 = Debug|Any CPU
		{AD53A87D-02A9-4694-B638-0846C1E200A7}.Release|Any CPU.ActiveCfg = Release|Any CPU
		{AD53A87D-02A9-4694-B638-0846C1E200A7}.Release|Any CPU.Build.0 = Release|Any CPU
	EndGlobalSection
	GlobalSection(SolutionProperties) = preSolution
		HideSolutionNode = FALSE
	EndGlobalSection
	GlobalSection(ExtensibilityGlobals) = postSolution
		SolutionGuid = {0C3C5B77-B93A-4370-AD39-CFC00B87BB96}
	EndGlobalSection
EndGlobal
